// !$*UTF8*$!
{
	archiveVersion = 1;
	classes = {
	};
	objectVersion = 46;
	objects = {

/* Begin PBXBuildFile section */
		7D1EBD6D1BF2EC2200595ADC /* MaskedImageView.m in Sources */ = {isa = PBXBuildFile; fileRef = 7D1EBD6C1BF2EC2200595ADC /* MaskedImageView.m */; };
		7D36BB3C1C138EA1008F4B58 /* Sticker.m in Sources */ = {isa = PBXBuildFile; fileRef = 7D36BB3B1C138EA1008F4B58 /* Sticker.m */; };
		7DB5787C1B57207200C44412 /* MaskedImageViewController.m in Sources */ = {isa = PBXBuildFile; fileRef = 7DB5787B1B57207200C44412 /* MaskedImageViewController.m */; };
		7DE27E141ABE95EB0000B89B /* main.m in Sources */ = {isa = PBXBuildFile; fileRef = 7DE27E131ABE95EB0000B89B /* main.m */; };
		7DE27E171ABE95EB0000B89B /* AppDelegate.m in Sources */ = {isa = PBXBuildFile; fileRef = 7DE27E161ABE95EB0000B89B /* AppDelegate.m */; };
		7DE27E1A1ABE95EB0000B89B /* InitViewController.m in Sources */ = {isa = PBXBuildFile; fileRef = 7DE27E191ABE95EB0000B89B /* InitViewController.m */; };
		7DE27E1D1ABE95EB0000B89B /* Main.storyboard in Resources */ = {isa = PBXBuildFile; fileRef = 7DE27E1B1ABE95EB0000B89B /* Main.storyboard */; };
		7DE27E1F1ABE95EB0000B89B /* Images.xcassets in Resources */ = {isa = PBXBuildFile; fileRef = 7DE27E1E1ABE95EB0000B89B /* Images.xcassets */; };
		7DE27E221ABE95EB0000B89B /* LaunchScreen.xib in Resources */ = {isa = PBXBuildFile; fileRef = 7DE27E201ABE95EB0000B89B /* LaunchScreen.xib */; };
		7DE27E2E1ABE95EB0000B89B /* StickerTelegramTests.m in Sources */ = {isa = PBXBuildFile; fileRef = 7DE27E2D1ABE95EB0000B89B /* StickerTelegramTests.m */; };
		BC5B258F1C197BF130182A78 /* libPods.a in Frameworks */ = {isa = PBXBuildFile; fileRef = 00BBDD6CCE4EDE6DEB8E53F1 /* libPods.a */; };
/* End PBXBuildFile section */

/* Begin PBXContainerItemProxy section */
		7DE27E281ABE95EB0000B89B /* PBXContainerItemProxy */ = {
			isa = PBXContainerItemProxy;
			containerPortal = 7DE27E061ABE95EB0000B89B /* Project object */;
			proxyType = 1;
			remoteGlobalIDString = 7DE27E0D1ABE95EB0000B89B;
			remoteInfo = StickerTelegram;
		};
/* End PBXContainerItemProxy section */

/* Begin PBXFileReference section */
		00BBDD6CCE4EDE6DEB8E53F1 /* libPods.a */ = {isa = PBXFileReference; explicitFileType = archive.ar; includeInIndex = 0; path = libPods.a; sourceTree = BUILT_PRODUCTS_DIR; };
		084118CAB097D7A94969CCFE /* Pods.debug.xcconfig */ = {isa = PBXFileReference; includeInIndex = 1; lastKnownFileType = text.xcconfig; name = Pods.debug.xcconfig; path = "Pods/Target Support Files/Pods/Pods.debug.xcconfig"; sourceTree = "<group>"; };
		0D83A037E2967FC80EE2DF37 /* Pods.release.xcconfig */ = {isa = PBXFileReference; includeInIndex = 1; lastKnownFileType = text.xcconfig; name = Pods.release.xcconfig; path = "Pods/Target Support Files/Pods/Pods.release.xcconfig"; sourceTree = "<group>"; };
		7D1EBD6B1BF2EC2200595ADC /* MaskedImageView.h */ = {isa = PBXFileReference; fileEncoding = 4; lastKnownFileType = sourcecode.c.h; path = MaskedImageView.h; sourceTree = "<group>"; };
		7D1EBD6C1BF2EC2200595ADC /* MaskedImageView.m */ = {isa = PBXFileReference; fileEncoding = 4; lastKnownFileType = sourcecode.c.objc; path = MaskedImageView.m; sourceTree = "<group>"; };
		7D36BB3A1C138EA1008F4B58 /* Sticker.h */ = {isa = PBXFileReference; fileEncoding = 4; lastKnownFileType = sourcecode.c.h; path = Sticker.h; sourceTree = "<group>"; };
		7D36BB3B1C138EA1008F4B58 /* Sticker.m */ = {isa = PBXFileReference; fileEncoding = 4; lastKnownFileType = sourcecode.c.objc; path = Sticker.m; sourceTree = "<group>"; };
		7DB5787A1B57207200C44412 /* MaskedImageViewController.h */ = {isa = PBXFileReference; fileEncoding = 4; lastKnownFileType = sourcecode.c.h; path = MaskedImageViewController.h; sourceTree = "<group>"; };
		7DB5787B1B57207200C44412 /* MaskedImageViewController.m */ = {isa = PBXFileReference; fileEncoding = 4; lastKnownFileType = sourcecode.c.objc; path = MaskedImageViewController.m; sourceTree = "<group>"; };
		7DE27E0E1ABE95EB0000B89B /* Stickers Telegram.app */ = {isa = PBXFileReference; explicitFileType = wrapper.application; includeInIndex = 0; path = "Stickers Telegram.app"; sourceTree = BUILT_PRODUCTS_DIR; };
		7DE27E121ABE95EB0000B89B /* Info.plist */ = {isa = PBXFileReference; lastKnownFileType = text.plist.xml; path = Info.plist; sourceTree = "<group>"; };
		7DE27E131ABE95EB0000B89B /* main.m */ = {isa = PBXFileReference; lastKnownFileType = sourcecode.c.objc; path = main.m; sourceTree = "<group>"; };
		7DE27E151ABE95EB0000B89B /* AppDelegate.h */ = {isa = PBXFileReference; lastKnownFileType = sourcecode.c.h; path = AppDelegate.h; sourceTree = "<group>"; };
		7DE27E161ABE95EB0000B89B /* AppDelegate.m */ = {isa = PBXFileReference; lastKnownFileType = sourcecode.c.objc; path = AppDelegate.m; sourceTree = "<group>"; };
		7DE27E181ABE95EB0000B89B /* InitViewController.h */ = {isa = PBXFileReference; lastKnownFileType = sourcecode.c.h; path = InitViewController.h; sourceTree = "<group>"; };
		7DE27E191ABE95EB0000B89B /* InitViewController.m */ = {isa = PBXFileReference; lastKnownFileType = sourcecode.c.objc; path = InitViewController.m; sourceTree = "<group>"; };
		7DE27E1C1ABE95EB0000B89B /* Base */ = {isa = PBXFileReference; lastKnownFileType = file.storyboard; name = Base; path = Base.lproj/Main.storyboard; sourceTree = "<group>"; };
		7DE27E1E1ABE95EB0000B89B /* Images.xcassets */ = {isa = PBXFileReference; lastKnownFileType = folder.assetcatalog; path = Images.xcassets; sourceTree = "<group>"; };
		7DE27E211ABE95EB0000B89B /* Base */ = {isa = PBXFileReference; lastKnownFileType = file.xib; name = Base; path = Base.lproj/LaunchScreen.xib; sourceTree = "<group>"; };
		7DE27E271ABE95EB0000B89B /* Stickers Telegram.xctest */ = {isa = PBXFileReference; explicitFileType = wrapper.cfbundle; includeInIndex = 0; path = "Stickers Telegram.xctest"; sourceTree = BUILT_PRODUCTS_DIR; };
		7DE27E2C1ABE95EB0000B89B /* Info.plist */ = {isa = PBXFileReference; lastKnownFileType = text.plist.xml; path = Info.plist; sourceTree = "<group>"; };
		7DE27E2D1ABE95EB0000B89B /* StickerTelegramTests.m */ = {isa = PBXFileReference; lastKnownFileType = sourcecode.c.objc; path = StickerTelegramTests.m; sourceTree = "<group>"; };
/* End PBXFileReference section */

/* Begin PBXFrameworksBuildPhase section */
		7DE27E0B1ABE95EB0000B89B /* Frameworks */ = {
			isa = PBXFrameworksBuildPhase;
			buildActionMask = 2147483647;
			files = (
				BC5B258F1C197BF130182A78 /* libPods.a in Frameworks */,
			);
			runOnlyForDeploymentPostprocessing = 0;
		};
		7DE27E241ABE95EB0000B89B /* Frameworks */ = {
			isa = PBXFrameworksBuildPhase;
			buildActionMask = 2147483647;
			files = (
			);
			runOnlyForDeploymentPostprocessing = 0;
		};
/* End PBXFrameworksBuildPhase section */

/* Begin PBXGroup section */
		6D80678FB4720C58A64321BC /* Pods */ = {
			isa = PBXGroup;
			children = (
				084118CAB097D7A94969CCFE /* Pods.debug.xcconfig */,
				0D83A037E2967FC80EE2DF37 /* Pods.release.xcconfig */,
			);
			name = Pods;
			sourceTree = "<group>";
		};
		7D36BB361C137822008F4B58 /* Librerias */ = {
			isa = PBXGroup;
			children = (
			);
			name = Librerias;
			sourceTree = "<group>";
		};
		7D36BB371C13783F008F4B58 /* Controllers */ = {
			isa = PBXGroup;
			children = (
				7DB5787A1B57207200C44412 /* MaskedImageViewController.h */,
				7DB5787B1B57207200C44412 /* MaskedImageViewController.m */,
				7DE27E181ABE95EB0000B89B /* InitViewController.h */,
				7DE27E191ABE95EB0000B89B /* InitViewController.m */,
			);
			name = Controllers;
			sourceTree = "<group>";
		};
		7D36BB381C137846008F4B58 /* Views */ = {
			isa = PBXGroup;
			children = (
				7DE27E201ABE95EB0000B89B /* LaunchScreen.xib */,
				7DE27E1B1ABE95EB0000B89B /* Main.storyboard */,
			);
			name = Views;
			sourceTree = "<group>";
		};
		7D36BB391C13784C008F4B58 /* Model */ = {
			isa = PBXGroup;
			children = (
				7D1EBD6B1BF2EC2200595ADC /* MaskedImageView.h */,
				7D1EBD6C1BF2EC2200595ADC /* MaskedImageView.m */,
				7D36BB3A1C138EA1008F4B58 /* Sticker.h */,
				7D36BB3B1C138EA1008F4B58 /* Sticker.m */,
			);
			name = Model;
			sourceTree = "<group>";
		};
		7DE27E051ABE95EB0000B89B = {
			isa = PBXGroup;
			children = (
				7DE27E101ABE95EB0000B89B /* StickerTelegram */,
				7DE27E2A1ABE95EB0000B89B /* StickerTelegramTests */,
				7DE27E3B1ABFEBC10000B89B /* Frameworks */,
				7DE27E0F1ABE95EB0000B89B /* Products */,
				6D80678FB4720C58A64321BC /* Pods */,
			);
			sourceTree = "<group>";
		};
		7DE27E0F1ABE95EB0000B89B /* Products */ = {
			isa = PBXGroup;
			children = (
				7DE27E0E1ABE95EB0000B89B /* Stickers Telegram.app */,
				7DE27E271ABE95EB0000B89B /* Stickers Telegram.xctest */,
			);
			name = Products;
			sourceTree = "<group>";
		};
		7DE27E101ABE95EB0000B89B /* StickerTelegram */ = {
			isa = PBXGroup;
			children = (
				7D36BB361C137822008F4B58 /* Librerias */,
				7DE27E151ABE95EB0000B89B /* AppDelegate.h */,
				7DE27E161ABE95EB0000B89B /* AppDelegate.m */,
				7D36BB391C13784C008F4B58 /* Model */,
				7D36BB381C137846008F4B58 /* Views */,
				7D36BB371C13783F008F4B58 /* Controllers */,
				7DE27E1E1ABE95EB0000B89B /* Images.xcassets */,
				7DE27E111ABE95EB0000B89B /* Supporting Files */,
			);
			path = StickerTelegram;
			sourceTree = "<group>";
		};
		7DE27E111ABE95EB0000B89B /* Supporting Files */ = {
			isa = PBXGroup;
			children = (
				7DE27E121ABE95EB0000B89B /* Info.plist */,
				7DE27E131ABE95EB0000B89B /* main.m */,
			);
			name = "Supporting Files";
			sourceTree = "<group>";
		};
		7DE27E2A1ABE95EB0000B89B /* StickerTelegramTests */ = {
			isa = PBXGroup;
			children = (
				7DE27E2D1ABE95EB0000B89B /* StickerTelegramTests.m */,
				7DE27E2B1ABE95EB0000B89B /* Supporting Files */,
			);
			path = StickerTelegramTests;
			sourceTree = "<group>";
		};
		7DE27E2B1ABE95EB0000B89B /* Supporting Files */ = {
			isa = PBXGroup;
			children = (
				7DE27E2C1ABE95EB0000B89B /* Info.plist */,
			);
			name = "Supporting Files";
			sourceTree = "<group>";
		};
		7DE27E3B1ABFEBC10000B89B /* Frameworks */ = {
			isa = PBXGroup;
			children = (
				00BBDD6CCE4EDE6DEB8E53F1 /* libPods.a */,
			);
			name = Frameworks;
			path = StickerTelegram;
			sourceTree = "<group>";
		};
/* End PBXGroup section */

/* Begin PBXNativeTarget section */
		7DE27E0D1ABE95EB0000B89B /* Stickers Telegram */ = {
			isa = PBXNativeTarget;
			buildConfigurationList = 7DE27E311ABE95EB0000B89B /* Build configuration list for PBXNativeTarget "Stickers Telegram" */;
			buildPhases = (
				E6D014A7196DB014A9E59E44 /* Check Pods Manifest.lock */,
				7DE27E0A1ABE95EB0000B89B /* Sources */,
				7DE27E0B1ABE95EB0000B89B /* Frameworks */,
				7DE27E0C1ABE95EB0000B89B /* Resources */,
				A9C8F212053A4CD083DDBC1A /* Copy Pods Resources */,
			);
			buildRules = (
			);
			dependencies = (
			);
			name = "Stickers Telegram";
			productName = StickerTelegram;
			productReference = 7DE27E0E1ABE95EB0000B89B /* Stickers Telegram.app */;
			productType = "com.apple.product-type.application";
		};
		7DE27E261ABE95EB0000B89B /* Stickers TelegramTests */ = {
			isa = PBXNativeTarget;
			buildConfigurationList = 7DE27E341ABE95EB0000B89B /* Build configuration list for PBXNativeTarget "Stickers TelegramTests" */;
			buildPhases = (
				7DE27E231ABE95EB0000B89B /* Sources */,
				7DE27E241ABE95EB0000B89B /* Frameworks */,
				7DE27E251ABE95EB0000B89B /* Resources */,
			);
			buildRules = (
			);
			dependencies = (
				7DE27E291ABE95EB0000B89B /* PBXTargetDependency */,
			);
			name = "Stickers TelegramTests";
			productName = StickerTelegramTests;
			productReference = 7DE27E271ABE95EB0000B89B /* Stickers Telegram.xctest */;
			productType = "com.apple.product-type.bundle.unit-test";
		};
/* End PBXNativeTarget section */

/* Begin PBXProject section */
		7DE27E061ABE95EB0000B89B /* Project object */ = {
			isa = PBXProject;
			attributes = {
				LastUpgradeCheck = 0710;
				ORGANIZATIONNAME = YiyiSoft;
				TargetAttributes = {
					7DE27E0D1ABE95EB0000B89B = {
						CreatedOnToolsVersion = 6.2;
						DevelopmentTeam = 22LZM3NMBV;
					};
					7DE27E261ABE95EB0000B89B = {
						CreatedOnToolsVersion = 6.2;
						TestTargetID = 7DE27E0D1ABE95EB0000B89B;
					};
				};
			};
			buildConfigurationList = 7DE27E091ABE95EB0000B89B /* Build configuration list for PBXProject "Stickers Telegram" */;
			compatibilityVersion = "Xcode 3.2";
			developmentRegion = English;
			hasScannedForEncodings = 0;
			knownRegions = (
				en,
				Base,
			);
			mainGroup = 7DE27E051ABE95EB0000B89B;
			productRefGroup = 7DE27E0F1ABE95EB0000B89B /* Products */;
			projectDirPath = "";
			projectRoot = "";
			targets = (
				7DE27E0D1ABE95EB0000B89B /* Stickers Telegram */,
				7DE27E261ABE95EB0000B89B /* Stickers TelegramTests */,
			);
		};
/* End PBXProject section */

/* Begin PBXResourcesBuildPhase section */
		7DE27E0C1ABE95EB0000B89B /* Resources */ = {
			isa = PBXResourcesBuildPhase;
			buildActionMask = 2147483647;
			files = (
				7DE27E1D1ABE95EB0000B89B /* Main.storyboard in Resources */,
				7DE27E221ABE95EB0000B89B /* LaunchScreen.xib in Resources */,
				7DE27E1F1ABE95EB0000B89B /* Images.xcassets in Resources */,
			);
			runOnlyForDeploymentPostprocessing = 0;
		};
		7DE27E251ABE95EB0000B89B /* Resources */ = {
			isa = PBXResourcesBuildPhase;
			buildActionMask = 2147483647;
			files = (
			);
			runOnlyForDeploymentPostprocessing = 0;
		};
/* End PBXResourcesBuildPhase section */

/* Begin PBXShellScriptBuildPhase section */
		A9C8F212053A4CD083DDBC1A /* Copy Pods Resources */ = {
			isa = PBXShellScriptBuildPhase;
			buildActionMask = 2147483647;
			files = (
			);
			inputPaths = (
			);
			name = "Copy Pods Resources";
			outputPaths = (
			);
			runOnlyForDeploymentPostprocessing = 0;
			shellPath = /bin/sh;
			shellScript = "\"${SRCROOT}/Pods/Target Support Files/Pods/Pods-resources.sh\"\n";
			showEnvVarsInLog = 0;
		};
		E6D014A7196DB014A9E59E44 /* Check Pods Manifest.lock */ = {
			isa = PBXShellScriptBuildPhase;
			buildActionMask = 2147483647;
			files = (
			);
			inputPaths = (
			);
			name = "Check Pods Manifest.lock";
			outputPaths = (
			);
			runOnlyForDeploymentPostprocessing = 0;
			shellPath = /bin/sh;
			shellScript = "diff \"${PODS_ROOT}/../Podfile.lock\" \"${PODS_ROOT}/Manifest.lock\" > /dev/null\nif [[ $? != 0 ]] ; then\n    cat << EOM\nerror: The sandbox is not in sync with the Podfile.lock. Run 'pod install' or update your CocoaPods installation.\nEOM\n    exit 1\nfi\n";
			showEnvVarsInLog = 0;
		};
/* End PBXShellScriptBuildPhase section */

/* Begin PBXSourcesBuildPhase section */
		7DE27E0A1ABE95EB0000B89B /* Sources */ = {
			isa = PBXSourcesBuildPhase;
			buildActionMask = 2147483647;
			files = (
				7DE27E1A1ABE95EB0000B89B /* InitViewController.m in Sources */,
				7D1EBD6D1BF2EC2200595ADC /* MaskedImageView.m in Sources */,
				7DB5787C1B57207200C44412 /* MaskedImageViewController.m in Sources */,
				7DE27E171ABE95EB0000B89B /* AppDelegate.m in Sources */,
				7DE27E141ABE95EB0000B89B /* main.m in Sources */,
				7D36BB3C1C138EA1008F4B58 /* Sticker.m in Sources */,
			);
			runOnlyForDeploymentPostprocessing = 0;
		};
		7DE27E231ABE95EB0000B89B /* Sources */ = {
			isa = PBXSourcesBuildPhase;
			buildActionMask = 2147483647;
			files = (
				7DE27E2E1ABE95EB0000B89B /* StickerTelegramTests.m in Sources */,
			);
			runOnlyForDeploymentPostprocessing = 0;
		};
/* End PBXSourcesBuildPhase section */

/* Begin PBXTargetDependency section */
		7DE27E291ABE95EB0000B89B /* PBXTargetDependency */ = {
			isa = PBXTargetDependency;
			target = 7DE27E0D1ABE95EB0000B89B /* Stickers Telegram */;
			targetProxy = 7DE27E281ABE95EB0000B89B /* PBXContainerItemProxy */;
		};
/* End PBXTargetDependency section */

/* Begin PBXVariantGroup section */
		7DE27E1B1ABE95EB0000B89B /* Main.storyboard */ = {
			isa = PBXVariantGroup;
			children = (
				7DE27E1C1ABE95EB0000B89B /* Base */,
			);
			name = Main.storyboard;
			sourceTree = "<group>";
		};
		7DE27E201ABE95EB0000B89B /* LaunchScreen.xib */ = {
			isa = PBXVariantGroup;
			children = (
				7DE27E211ABE95EB0000B89B /* Base */,
			);
			name = LaunchScreen.xib;
			sourceTree = "<group>";
		};
/* End PBXVariantGroup section */

/* Begin XCBuildConfiguration section */
		7DE27E2F1ABE95EB0000B89B /* Debug */ = {
			isa = XCBuildConfiguration;
			buildSettings = {
				ALWAYS_SEARCH_USER_PATHS = NO;
				CLANG_CXX_LANGUAGE_STANDARD = "gnu++0x";
				CLANG_CXX_LIBRARY = "libc++";
				CLANG_ENABLE_MODULES = YES;
				CLANG_ENABLE_OBJC_ARC = YES;
				CLANG_WARN_BOOL_CONVERSION = YES;
				CLANG_WARN_CONSTANT_CONVERSION = YES;
				CLANG_WARN_DIRECT_OBJC_ISA_USAGE = YES_ERROR;
				CLANG_WARN_EMPTY_BODY = YES;
				CLANG_WARN_ENUM_CONVERSION = YES;
				CLANG_WARN_INT_CONVERSION = YES;
				CLANG_WARN_OBJC_ROOT_CLASS = YES_ERROR;
				CLANG_WARN_UNREACHABLE_CODE = YES;
				CLANG_WARN__DUPLICATE_METHOD_MATCH = YES;
				"CODE_SIGN_IDENTITY[sdk=iphoneos*]" = "iPhone Developer";
				COPY_PHASE_STRIP = NO;
				ENABLE_STRICT_OBJC_MSGSEND = YES;
				ENABLE_TESTABILITY = YES;
				GCC_C_LANGUAGE_STANDARD = gnu99;
				GCC_DYNAMIC_NO_PIC = NO;
				GCC_OPTIMIZATION_LEVEL = 0;
				GCC_PREPROCESSOR_DEFINITIONS = (
					"DEBUG=1",
					"$(inherited)",
				);
				GCC_SYMBOLS_PRIVATE_EXTERN = NO;
				GCC_WARN_64_TO_32_BIT_CONVERSION = YES;
				GCC_WARN_ABOUT_RETURN_TYPE = YES_ERROR;
				GCC_WARN_UNDECLARED_SELECTOR = YES;
				GCC_WARN_UNINITIALIZED_AUTOS = YES_AGGRESSIVE;
				GCC_WARN_UNUSED_FUNCTION = YES;
				GCC_WARN_UNUSED_VARIABLE = YES;
				IPHONEOS_DEPLOYMENT_TARGET = 8.2;
				MTL_ENABLE_DEBUG_INFO = YES;
				ONLY_ACTIVE_ARCH = YES;
				SDKROOT = iphoneos;
				TARGETED_DEVICE_FAMILY = "1,2";
			};
			name = Debug;
		};
		7DE27E301ABE95EB0000B89B /* Release */ = {
			isa = XCBuildConfiguration;
			buildSettings = {
				ALWAYS_SEARCH_USER_PATHS = NO;
				CLANG_CXX_LANGUAGE_STANDARD = "gnu++0x";
				CLANG_CXX_LIBRARY = "libc++";
				CLANG_ENABLE_MODULES = YES;
				CLANG_ENABLE_OBJC_ARC = YES;
				CLANG_WARN_BOOL_CONVERSION = YES;
				CLANG_WARN_CONSTANT_CONVERSION = YES;
				CLANG_WARN_DIRECT_OBJC_ISA_USAGE = YES_ERROR;
				CLANG_WARN_EMPTY_BODY = YES;
				CLANG_WARN_ENUM_CONVERSION = YES;
				CLANG_WARN_INT_CONVERSION = YES;
				CLANG_WARN_OBJC_ROOT_CLASS = YES_ERROR;
				CLANG_WARN_UNREACHABLE_CODE = YES;
				CLANG_WARN__DUPLICATE_METHOD_MATCH = YES;
				"CODE_SIGN_IDENTITY[sdk=iphoneos*]" = "iPhone Developer";
				COPY_PHASE_STRIP = NO;
				ENABLE_NS_ASSERTIONS = NO;
				ENABLE_STRICT_OBJC_MSGSEND = YES;
				GCC_C_LANGUAGE_STANDARD = gnu99;
				GCC_WARN_64_TO_32_BIT_CONVERSION = YES;
				GCC_WARN_ABOUT_RETURN_TYPE = YES_ERROR;
				GCC_WARN_UNDECLARED_SELECTOR = YES;
				GCC_WARN_UNINITIALIZED_AUTOS = YES_AGGRESSIVE;
				GCC_WARN_UNUSED_FUNCTION = YES;
				GCC_WARN_UNUSED_VARIABLE = YES;
				IPHONEOS_DEPLOYMENT_TARGET = 8.2;
				MTL_ENABLE_DEBUG_INFO = NO;
				SDKROOT = iphoneos;
				TARGETED_DEVICE_FAMILY = "1,2";
				VALIDATE_PRODUCT = YES;
			};
			name = Release;
		};
		7DE27E321ABE95EB0000B89B /* Debug */ = {
			isa = XCBuildConfiguration;
			baseConfigurationReference = 084118CAB097D7A94969CCFE /* Pods.debug.xcconfig */;
			buildSettings = {
				ASSETCATALOG_COMPILER_APPICON_NAME = AppIcon;
				CODE_SIGN_IDENTITY = "iPhone Developer";
				FRAMEWORK_SEARCH_PATHS = (
					"$(inherited)",
					"$(PROJECT_DIR)StickerTelegram",
				);
				INFOPLIST_FILE = StickerTelegram/Info.plist;
				LD_RUNPATH_SEARCH_PATHS = "$(inherited) @executable_path/Frameworks";
				PRODUCT_BUNDLE_IDENTIFIER = "com.fedecugliandolo.$(PRODUCT_NAME:rfc1034identifier)";
				PRODUCT_NAME = "Stickers Telegram";
				TARGETED_DEVICE_FAMILY = 1;
			};
			name = Debug;
		};
		7DE27E331ABE95EB0000B89B /* Release */ = {
			isa = XCBuildConfiguration;
			baseConfigurationReference = 0D83A037E2967FC80EE2DF37 /* Pods.release.xcconfig */;
			buildSettings = {
				ASSETCATALOG_COMPILER_APPICON_NAME = AppIcon;
				CODE_SIGN_IDENTITY = "iPhone Developer";
				FRAMEWORK_SEARCH_PATHS = (
					"$(inherited)",
					"$(PROJECT_DIR)StickerTelegram",
				);
				INFOPLIST_FILE = StickerTelegram/Info.plist;
				LD_RUNPATH_SEARCH_PATHS = "$(inherited) @executable_path/Frameworks";
				PRODUCT_BUNDLE_IDENTIFIER = "com.fedecugliandolo.$(PRODUCT_NAME:rfc1034identifier)";
				PRODUCT_NAME = "Stickers Telegram";
				TARGETED_DEVICE_FAMILY = 1;
			};
			name = Release;
		};
		7DE27E351ABE95EB0000B89B /* Debug */ = {
			isa = XCBuildConfiguration;
			buildSettings = {
				BUNDLE_LOADER = "$(TEST_HOST)";
				FRAMEWORK_SEARCH_PATHS = (
					"$(SDKROOT)/Developer/Library/Frameworks",
					"$(inherited)",
				);
				GCC_PREPROCESSOR_DEFINITIONS = (
					"DEBUG=1",
					"$(inherited)",
				);
				INFOPLIST_FILE = StickerTelegramTests/Info.plist;
				LD_RUNPATH_SEARCH_PATHS = "$(inherited) @executable_path/Frameworks @loader_path/Frameworks";
				PRODUCT_BUNDLE_IDENTIFIER = "com.fedecugliandolo.$(PRODUCT_NAME:rfc1034identifier)";
				PRODUCT_NAME = "Stickers Telegram";
				TEST_HOST = "$(BUILT_PRODUCTS_DIR)/Stickers Telegram.app/Stickers Telegram";
			};
			name = Debug;
		};
		7DE27E361ABE95EB0000B89B /* Release */ = {
			isa = XCBuildConfiguration;
			buildSettings = {
				BUNDLE_LOADER = "$(TEST_HOST)";
				FRAMEWORK_SEARCH_PATHS = (
					"$(SDKROOT)/Developer/Library/Frameworks",
					"$(inherited)",
				);
				INFOPLIST_FILE = StickerTelegramTests/Info.plist;
				LD_RUNPATH_SEARCH_PATHS = "$(inherited) @executable_path/Frameworks @loader_path/Frameworks";
				PRODUCT_BUNDLE_IDENTIFIER = "com.fedecugliandolo.$(PRODUCT_NAME:rfc1034identifier)";
				PRODUCT_NAME = "Stickers Telegram";
				TEST_HOST = "$(BUILT_PRODUCTS_DIR)/Stickers Telegram.app/Stickers Telegram";
			};
			name = Release;
		};
/* End XCBuildConfiguration section */

/* Begin XCConfigurationList section */
		7DE27E091ABE95EB0000B89B /* Build configuration list for PBXProject "Stickers Telegram" */ = {
			isa = XCConfigurationList;
			buildConfigurations = (
				7DE27E2F1ABE95EB0000B89B /* Debug */,
				7DE27E301ABE95EB0000B89B /* Release */,
			);
			defaultConfigurationIsVisible = 0;
			defaultConfigurationName = Release;
		};
		7DE27E311ABE95EB0000B89B /* Build configuration list for PBXNativeTarget "Stickers Telegram" */ = {
			isa = XCConfigurationList;
			buildConfigurations = (
				7DE27E321ABE95EB0000B89B /* Debug */,
				7DE27E331ABE95EB0000B89B /* Release */,
			);
			defaultConfigurationIsVisible = 0;
			defaultConfigurationName = Release;
		};
		7DE27E341ABE95EB0000B89B /* Build configuration list for PBXNativeTarget "Stickers TelegramTests" */ = {
			isa = XCConfigurationList;
			buildConfigurations = (
				7DE27E351ABE95EB0000B89B /* Debug */,
				7DE27E361ABE95EB0000B89B /* Release */,
			);
			defaultConfigurationIsVisible = 0;
			defaultConfigurationName = Release;
		};
/* End XCConfigurationList section */
	};
	rootObject = 7DE27E061ABE95EB0000B89B /* Project object */;
}
